
Microsoft Visual Studio Solution File, Format Version 12.00
# Visual Studio Version 16
VisualStudioVersion = 16.0.30907.101
MinimumVisualStudioVersion = 10.0.40219.1
Project("{2150E333-8FDC-42A3-9474-1A3956D46DE8}") = "1 - services", "1 - services", "{9D6C5DE5-4589-412C-AD88-77C85B5524C1}"
EndProject
Project("{2150E333-8FDC-42A3-9474-1A3956D46DE8}") = "2 - domain", "2 - domain", "{23152AA8-5111-46E0-B9F4-A329B6B7AD5E}"
EndProject
Project("{2150E333-8FDC-42A3-9474-1A3956D46DE8}") = "3 - infra", "3 - infra", "{C3C3EA2E-AC32-413A-94E7-09E37E7D450D}"
EndProject
Project("{2150E333-8FDC-42A3-9474-1A3956D46DE8}") = "api", "api", "{34116611-7806-44DF-ABAE-2012C5B5B3A0}"
EndProject
Project("{2150E333-8FDC-42A3-9474-1A3956D46DE8}") = "ioc", "ioc", "{1E9B3958-A6D8-4B94-9290-5CF4972562FD}"
EndProject
Project("{2150E333-8FDC-42A3-9474-1A3956D46DE8}") = "security", "security", "{7887F5C8-68E3-4459-98A3-F798EC5AEBA0}"
EndProject
Project("{2150E333-8FDC-42A3-9474-1A3956D46DE8}") = "data", "data", "{785793E4-311B-4A3B-8262-0AF9F3AAC6FF}"
EndProject
Project("{2150E333-8FDC-42A3-9474-1A3956D46DE8}") = "log", "log", "{8503EB5D-8689-475E-A6F1-5BF3AD2B0E44}"
EndProject
Project("{2150E333-8FDC-42A3-9474-1A3956D46DE8}") = "cross-cutting", "cross-cutting", "{BA789F12-05A6-423C-9342-D0708598D581}"
EndProject
Project("{2150E333-8FDC-42A3-9474-1A3956D46DE8}") = "utils", "utils", "{6A420367-8A9E-4F1F-9C31-85D450E253BA}"
EndProject
Project("{2150E333-8FDC-42A3-9474-1A3956D46DE8}") = "core", "core", "{5AE17DC1-4A8F-4D80-A2D3-ED6202E6EF4B}"
EndProject
Project("{2150E333-8FDC-42A3-9474-1A3956D46DE8}") = "shared", "shared", "{BC7C1883-0D99-43EB-911B-54C97C4446E5}"
EndProject
Global
	GlobalSection(SolutionProperties) = preSolution
		HideSolutionNode = FALSE
	EndGlobalSection
	GlobalSection(NestedProjects) = preSolution
		{34116611-7806-44DF-ABAE-2012C5B5B3A0} = {9D6C5DE5-4589-412C-AD88-77C85B5524C1}
		{1E9B3958-A6D8-4B94-9290-5CF4972562FD} = {BA789F12-05A6-423C-9342-D0708598D581}
		{7887F5C8-68E3-4459-98A3-F798EC5AEBA0} = {C3C3EA2E-AC32-413A-94E7-09E37E7D450D}
		{785793E4-311B-4A3B-8262-0AF9F3AAC6FF} = {C3C3EA2E-AC32-413A-94E7-09E37E7D450D}
		{8503EB5D-8689-475E-A6F1-5BF3AD2B0E44} = {C3C3EA2E-AC32-413A-94E7-09E37E7D450D}
		{BA789F12-05A6-423C-9342-D0708598D581} = {C3C3EA2E-AC32-413A-94E7-09E37E7D450D}
		{6A420367-8A9E-4F1F-9C31-85D450E253BA} = {BA789F12-05A6-423C-9342-D0708598D581}
		{5AE17DC1-4A8F-4D80-A2D3-ED6202E6EF4B} = {23152AA8-5111-46E0-B9F4-A329B6B7AD5E}
		{BC7C1883-0D99-43EB-911B-54C97C4446E5} = {23152AA8-5111-46E0-B9F4-A329B6B7AD5E}
	EndGlobalSection
	GlobalSection(ExtensibilityGlobals) = postSolution
		SolutionGuid = {53E4BFBB-0F61-4135-93B5-B246B808CCFF}
	EndGlobalSection
EndGlobal
